// !$*UTF8*$!
{
	archiveVersion = 1;
	classes = {
	};
	objectVersion = 46;
	objects = {

/* Begin PBXBuildFile section */
		BA03EE3E1A5C11E5004AE7CF /* Location.m in Sources */ = {isa = PBXBuildFile; fileRef = BA03EE3D1A5C11E5004AE7CF /* Location.m */; };
		BA9846C51A5ACCC200533BE6 /* main.m in Sources */ = {isa = PBXBuildFile; fileRef = BA9846C41A5ACCC200533BE6 /* main.m */; };
		BA9846C81A5ACCC200533BE6 /* AppDelegate.m in Sources */ = {isa = PBXBuildFile; fileRef = BA9846C71A5ACCC200533BE6 /* AppDelegate.m */; };
		BA9846CE1A5ACCC200533BE6 /* Main.storyboard in Resources */ = {isa = PBXBuildFile; fileRef = BA9846CC1A5ACCC200533BE6 /* Main.storyboard */; };
		BA9846D01A5ACCC300533BE6 /* Images.xcassets in Resources */ = {isa = PBXBuildFile; fileRef = BA9846CF1A5ACCC300533BE6 /* Images.xcassets */; };
		BA9846D31A5ACCC300533BE6 /* LaunchScreen.xib in Resources */ = {isa = PBXBuildFile; fileRef = BA9846D11A5ACCC300533BE6 /* LaunchScreen.xib */; };
		BA9846DF1A5ACCC300533BE6 /* App_do_PostoTests.m in Sources */ = {isa = PBXBuildFile; fileRef = BA9846DE1A5ACCC300533BE6 /* App_do_PostoTests.m */; };
		BA9846E91A5AD24900533BE6 /* MapKit.framework in Frameworks */ = {isa = PBXBuildFile; fileRef = BA9846E81A5AD24900533BE6 /* MapKit.framework */; };
		BA9846EB1A5AD25A00533BE6 /* CoreLocation.framework in Frameworks */ = {isa = PBXBuildFile; fileRef = BA9846EA1A5AD25A00533BE6 /* CoreLocation.framework */; };
		BA9846EE1A5AD31F00533BE6 /* MapViewController.m in Sources */ = {isa = PBXBuildFile; fileRef = BA9846ED1A5AD31F00533BE6 /* MapViewController.m */; };
		BA9846F31A5AD3F300533BE6 /* MapAnnotation.m in Sources */ = {isa = PBXBuildFile; fileRef = BA9846F21A5AD3F300533BE6 /* MapAnnotation.m */; };
		BA9846F61A5AD65700533BE6 /* LocationHandler.m in Sources */ = {isa = PBXBuildFile; fileRef = BA9846F51A5AD65700533BE6 /* LocationHandler.m */; };
/* End PBXBuildFile section */

/* Begin PBXContainerItemProxy section */
		BA9846D91A5ACCC300533BE6 /* PBXContainerItemProxy */ = {
			isa = PBXContainerItemProxy;
			containerPortal = BA9846B71A5ACCC200533BE6 /* Project object */;
			proxyType = 1;
			remoteGlobalIDString = BA9846BE1A5ACCC200533BE6;
			remoteInfo = "App do Posto";
		};
/* End PBXContainerItemProxy section */

/* Begin PBXFileReference section */
		BA03EE3C1A5C11E5004AE7CF /* Location.h */ = {isa = PBXFileReference; fileEncoding = 4; lastKnownFileType = sourcecode.c.h; name = Location.h; path = Beans/Location/Location.h; sourceTree = "<group>"; };
		BA03EE3D1A5C11E5004AE7CF /* Location.m */ = {isa = PBXFileReference; fileEncoding = 4; lastKnownFileType = sourcecode.c.objc; name = Location.m; path = Beans/Location/Location.m; sourceTree = "<group>"; };
		BA9846BF1A5ACCC200533BE6 /* App do Posto.app */ = {isa = PBXFileReference; explicitFileType = wrapper.application; includeInIndex = 0; path = "App do Posto.app"; sourceTree = BUILT_PRODUCTS_DIR; };
		BA9846C31A5ACCC200533BE6 /* Info.plist */ = {isa = PBXFileReference; lastKnownFileType = text.plist.xml; path = Info.plist; sourceTree = "<group>"; };
		BA9846C41A5ACCC200533BE6 /* main.m */ = {isa = PBXFileReference; lastKnownFileType = sourcecode.c.objc; path = main.m; sourceTree = "<group>"; };
		BA9846C61A5ACCC200533BE6 /* AppDelegate.h */ = {isa = PBXFileReference; lastKnownFileType = sourcecode.c.h; path = AppDelegate.h; sourceTree = "<group>"; };
		BA9846C71A5ACCC200533BE6 /* AppDelegate.m */ = {isa = PBXFileReference; lastKnownFileType = sourcecode.c.objc; path = AppDelegate.m; sourceTree = "<group>"; };
		BA9846CD1A5ACCC200533BE6 /* Base */ = {isa = PBXFileReference; lastKnownFileType = file.storyboard; name = Base; path = Base.lproj/Main.storyboard; sourceTree = "<group>"; };
		BA9846CF1A5ACCC300533BE6 /* Images.xcassets */ = {isa = PBXFileReference; lastKnownFileType = folder.assetcatalog; path = Images.xcassets; sourceTree = "<group>"; };
		BA9846D21A5ACCC300533BE6 /* Base */ = {isa = PBXFileReference; lastKnownFileType = file.xib; name = Base; path = Base.lproj/LaunchScreen.xib; sourceTree = "<group>"; };
		BA9846D81A5ACCC300533BE6 /* App do PostoTests.xctest */ = {isa = PBXFileReference; explicitFileType = wrapper.cfbundle; includeInIndex = 0; path = "App do PostoTests.xctest"; sourceTree = BUILT_PRODUCTS_DIR; };
		BA9846DD1A5ACCC300533BE6 /* Info.plist */ = {isa = PBXFileReference; lastKnownFileType = text.plist.xml; path = Info.plist; sourceTree = "<group>"; };
		BA9846DE1A5ACCC300533BE6 /* App_do_PostoTests.m */ = {isa = PBXFileReference; lastKnownFileType = sourcecode.c.objc; path = App_do_PostoTests.m; sourceTree = "<group>"; };
		BA9846E81A5AD24900533BE6 /* MapKit.framework */ = {isa = PBXFileReference; lastKnownFileType = wrapper.framework; name = MapKit.framework; path = System/Library/Frameworks/MapKit.framework; sourceTree = SDKROOT; };
		BA9846EA1A5AD25A00533BE6 /* CoreLocation.framework */ = {isa = PBXFileReference; lastKnownFileType = wrapper.framework; name = CoreLocation.framework; path = System/Library/Frameworks/CoreLocation.framework; sourceTree = SDKROOT; };
		BA9846EC1A5AD31F00533BE6 /* MapViewController.h */ = {isa = PBXFileReference; fileEncoding = 4; lastKnownFileType = sourcecode.c.h; name = MapViewController.h; path = ViewControllers/MapViewController.h; sourceTree = "<group>"; };
		BA9846ED1A5AD31F00533BE6 /* MapViewController.m */ = {isa = PBXFileReference; fileEncoding = 4; lastKnownFileType = sourcecode.c.objc; name = MapViewController.m; path = ViewControllers/MapViewController.m; sourceTree = "<group>"; };
		BA9846F11A5AD3F300533BE6 /* MapAnnotation.h */ = {isa = PBXFileReference; fileEncoding = 4; lastKnownFileType = sourcecode.c.h; name = MapAnnotation.h; path = Library/MapAnnotation.h; sourceTree = "<group>"; };
		BA9846F21A5AD3F300533BE6 /* MapAnnotation.m */ = {isa = PBXFileReference; fileEncoding = 4; lastKnownFileType = sourcecode.c.objc; name = MapAnnotation.m; path = Library/MapAnnotation.m; sourceTree = "<group>"; };
		BA9846F41A5AD65700533BE6 /* LocationHandler.h */ = {isa = PBXFileReference; fileEncoding = 4; lastKnownFileType = sourcecode.c.h; name = LocationHandler.h; path = Library/LocationHandler.h; sourceTree = "<group>"; };
		BA9846F51A5AD65700533BE6 /* LocationHandler.m */ = {isa = PBXFileReference; fileEncoding = 4; lastKnownFileType = sourcecode.c.objc; name = LocationHandler.m; path = Library/LocationHandler.m; sourceTree = "<group>"; };
/* End PBXFileReference section */

/* Begin PBXFrameworksBuildPhase section */
		BA9846BC1A5ACCC200533BE6 /* Frameworks */ = {
			isa = PBXFrameworksBuildPhase;
			buildActionMask = 2147483647;
			files = (
				BA9846EB1A5AD25A00533BE6 /* CoreLocation.framework in Frameworks */,
				BA9846E91A5AD24900533BE6 /* MapKit.framework in Frameworks */,
			);
			runOnlyForDeploymentPostprocessing = 0;
		};
		BA9846D51A5ACCC300533BE6 /* Frameworks */ = {
			isa = PBXFrameworksBuildPhase;
			buildActionMask = 2147483647;
			files = (
			);
			runOnlyForDeploymentPostprocessing = 0;
		};
/* End PBXFrameworksBuildPhase section */

/* Begin PBXGroup section */
		BA03EE3A1A5C115C004AE7CF /* Beans */ = {
			isa = PBXGroup;
			children = (
				BA03EE3B1A5C1169004AE7CF /* Location */,
			);
			name = Beans;
			sourceTree = "<group>";
		};
		BA03EE3B1A5C1169004AE7CF /* Location */ = {
			isa = PBXGroup;
			children = (
				BA03EE3C1A5C11E5004AE7CF /* Location.h */,
				BA03EE3D1A5C11E5004AE7CF /* Location.m */,
			);
			name = Location;
			sourceTree = "<group>";
		};
		BA9846B61A5ACCC200533BE6 = {
			isa = PBXGroup;
			children = (
				BA9846EA1A5AD25A00533BE6 /* CoreLocation.framework */,
				BA9846E81A5AD24900533BE6 /* MapKit.framework */,
				BA9846C11A5ACCC200533BE6 /* App do Posto */,
				BA9846DB1A5ACCC300533BE6 /* App do PostoTests */,
				BA9846C01A5ACCC200533BE6 /* Products */,
			);
			sourceTree = "<group>";
		};
		BA9846C01A5ACCC200533BE6 /* Products */ = {
			isa = PBXGroup;
			children = (
				BA9846BF1A5ACCC200533BE6 /* App do Posto.app */,
				BA9846D81A5ACCC300533BE6 /* App do PostoTests.xctest */,
			);
			name = Products;
			sourceTree = "<group>";
		};
		BA9846C11A5ACCC200533BE6 /* App do Posto */ = {
			isa = PBXGroup;
			children = (
				BA03EE3A1A5C115C004AE7CF /* Beans */,
				BA9846F01A5AD3D700533BE6 /* Library */,
				BA9846C61A5ACCC200533BE6 /* AppDelegate.h */,
				BA9846C71A5ACCC200533BE6 /* AppDelegate.m */,
				BA9846CC1A5ACCC200533BE6 /* Main.storyboard */,
				BA9846CF1A5ACCC300533BE6 /* Images.xcassets */,
				BA9846D11A5ACCC300533BE6 /* LaunchScreen.xib */,
				BA9846C21A5ACCC200533BE6 /* Supporting Files */,
				BA9846EF1A5AD33200533BE6 /* ViewController */,
			);
			path = "App do Posto";
			sourceTree = "<group>";
		};
		BA9846C21A5ACCC200533BE6 /* Supporting Files */ = {
			isa = PBXGroup;
			children = (
				BA9846C31A5ACCC200533BE6 /* Info.plist */,
				BA9846C41A5ACCC200533BE6 /* main.m */,
			);
			name = "Supporting Files";
			sourceTree = "<group>";
		};
		BA9846DB1A5ACCC300533BE6 /* App do PostoTests */ = {
			isa = PBXGroup;
			children = (
				BA9846DE1A5ACCC300533BE6 /* App_do_PostoTests.m */,
				BA9846DC1A5ACCC300533BE6 /* Supporting Files */,
			);
			path = "App do PostoTests";
			sourceTree = "<group>";
		};
		BA9846DC1A5ACCC300533BE6 /* Supporting Files */ = {
			isa = PBXGroup;
			children = (
				BA9846DD1A5ACCC300533BE6 /* Info.plist */,
			);
			name = "Supporting Files";
			sourceTree = "<group>";
		};
		BA9846EF1A5AD33200533BE6 /* ViewController */ = {
			isa = PBXGroup;
			children = (
				BA9846EC1A5AD31F00533BE6 /* MapViewController.h */,
				BA9846ED1A5AD31F00533BE6 /* MapViewController.m */,
			);
			name = ViewController;
			sourceTree = "<group>";
		};
		BA9846F01A5AD3D700533BE6 /* Library */ = {
			isa = PBXGroup;
			children = (
				BA9846F11A5AD3F300533BE6 /* MapAnnotation.h */,
				BA9846F21A5AD3F300533BE6 /* MapAnnotation.m */,
				BA9846F41A5AD65700533BE6 /* LocationHandler.h */,
				BA9846F51A5AD65700533BE6 /* LocationHandler.m */,
			);
			name = Library;
			sourceTree = "<group>";
		};
/* End PBXGroup section */

/* Begin PBXNativeTarget section */
		BA9846BE1A5ACCC200533BE6 /* App do Posto */ = {
			isa = PBXNativeTarget;
			buildConfigurationList = BA9846E21A5ACCC300533BE6 /* Build configuration list for PBXNativeTarget "App do Posto" */;
			buildPhases = (
				BA9846BB1A5ACCC200533BE6 /* Sources */,
				BA9846BC1A5ACCC200533BE6 /* Frameworks */,
				BA9846BD1A5ACCC200533BE6 /* Resources */,
			);
			buildRules = (
			);
			dependencies = (
			);
			name = "App do Posto";
			productName = "App do Posto";
			productReference = BA9846BF1A5ACCC200533BE6 /* App do Posto.app */;
			productType = "com.apple.product-type.application";
		};
		BA9846D71A5ACCC300533BE6 /* App do PostoTests */ = {
			isa = PBXNativeTarget;
			buildConfigurationList = BA9846E51A5ACCC300533BE6 /* Build configuration list for PBXNativeTarget "App do PostoTests" */;
			buildPhases = (
				BA9846D41A5ACCC300533BE6 /* Sources */,
				BA9846D51A5ACCC300533BE6 /* Frameworks */,
				BA9846D61A5ACCC300533BE6 /* Resources */,
			);
			buildRules = (
			);
			dependencies = (
				BA9846DA1A5ACCC300533BE6 /* PBXTargetDependency */,
			);
			name = "App do PostoTests";
			productName = "App do PostoTests";
			productReference = BA9846D81A5ACCC300533BE6 /* App do PostoTests.xctest */;
			productType = "com.apple.product-type.bundle.unit-test";
		};
/* End PBXNativeTarget section */

/* Begin PBXProject section */
		BA9846B71A5ACCC200533BE6 /* Project object */ = {
			isa = PBXProject;
			attributes = {
				LastUpgradeCheck = 0610;
				ORGANIZATIONNAME = Ortale;
				TargetAttributes = {
					BA9846BE1A5ACCC200533BE6 = {
						CreatedOnToolsVersion = 6.1.1;
					};
					BA9846D71A5ACCC300533BE6 = {
						CreatedOnToolsVersion = 6.1.1;
						TestTargetID = BA9846BE1A5ACCC200533BE6;
					};
				};
			};
			buildConfigurationList = BA9846BA1A5ACCC200533BE6 /* Build configuration list for PBXProject "App do Posto" */;
			compatibilityVersion = "Xcode 3.2";
			developmentRegion = English;
			hasScannedForEncodings = 0;
			knownRegions = (
				en,
				Base,
			);
			mainGroup = BA9846B61A5ACCC200533BE6;
			productRefGroup = BA9846C01A5ACCC200533BE6 /* Products */;
			projectDirPath = "";
			projectRoot = "";
			targets = (
				BA9846BE1A5ACCC200533BE6 /* App do Posto */,
				BA9846D71A5ACCC300533BE6 /* App do PostoTests */,
			);
		};
/* End PBXProject section */

/* Begin PBXResourcesBuildPhase section */
		BA9846BD1A5ACCC200533BE6 /* Resources */ = {
			isa = PBXResourcesBuildPhase;
			buildActionMask = 2147483647;
			files = (
				BA9846CE1A5ACCC200533BE6 /* Main.storyboard in Resources */,
				BA9846D31A5ACCC300533BE6 /* LaunchScreen.xib in Resources */,
				BA9846D01A5ACCC300533BE6 /* Images.xcassets in Resources */,
			);
			runOnlyForDeploymentPostprocessing = 0;
		};
		BA9846D61A5ACCC300533BE6 /* Resources */ = {
			isa = PBXResourcesBuildPhase;
			buildActionMask = 2147483647;
			files = (
			);
			runOnlyForDeploymentPostprocessing = 0;
		};
/* End PBXResourcesBuildPhase section */

/* Begin PBXSourcesBuildPhase section */
		BA9846BB1A5ACCC200533BE6 /* Sources */ = {
			isa = PBXSourcesBuildPhase;
			buildActionMask = 2147483647;
			files = (
				BA9846EE1A5AD31F00533BE6 /* MapViewController.m in Sources */,
				BA9846C81A5ACCC200533BE6 /* AppDelegate.m in Sources */,
				BA9846C51A5ACCC200533BE6 /* main.m in Sources */,
				BA9846F61A5AD65700533BE6 /* LocationHandler.m in Sources */,
				BA03EE3E1A5C11E5004AE7CF /* Location.m in Sources */,
				BA9846F31A5AD3F300533BE6 /* MapAnnotation.m in Sources */,
			);
			runOnlyForDeploymentPostprocessing = 0;
		};
		BA9846D41A5ACCC300533BE6 /* Sources */ = {
			isa = PBXSourcesBuildPhase;
			buildActionMask = 2147483647;
			files = (
				BA9846DF1A5ACCC300533BE6 /* App_do_PostoTests.m in Sources */,
			);
			runOnlyForDeploymentPostprocessing = 0;
		};
/* End PBXSourcesBuildPhase section */

/* Begin PBXTargetDependency section */
		BA9846DA1A5ACCC300533BE6 /* PBXTargetDependency */ = {
			isa = PBXTargetDependency;
			target = BA9846BE1A5ACCC200533BE6 /* App do Posto */;
			targetProxy = BA9846D91A5ACCC300533BE6 /* PBXContainerItemProxy */;
		};
/* End PBXTargetDependency section */

/* Begin PBXVariantGroup section */
		BA9846CC1A5ACCC200533BE6 /* Main.storyboard */ = {
			isa = PBXVariantGroup;
			children = (
				BA9846CD1A5ACCC200533BE6 /* Base */,
			);
			name = Main.storyboard;
			sourceTree = "<group>";
		};
		BA9846D11A5ACCC300533BE6 /* LaunchScreen.xib */ = {
			isa = PBXVariantGroup;
			children = (
				BA9846D21A5ACCC300533BE6 /* Base */,
			);
			name = LaunchScreen.xib;
			sourceTree = "<group>";
		};
/* End PBXVariantGroup section */

/* Begin XCBuildConfiguration section */
		BA9846E01A5ACCC300533BE6 /* Debug */ = {
			isa = XCBuildConfiguration;
			buildSettings = {
				ALWAYS_SEARCH_USER_PATHS = NO;
				CLANG_CXX_LANGUAGE_STANDARD = "gnu++0x";
				CLANG_CXX_LIBRARY = "libc++";
				CLANG_ENABLE_MODULES = YES;
				CLANG_ENABLE_OBJC_ARC = YES;
				CLANG_WARN_BOOL_CONVERSION = YES;
				CLANG_WARN_CONSTANT_CONVERSION = YES;
				CLANG_WARN_DIRECT_OBJC_ISA_USAGE = YES_ERROR;
				CLANG_WARN_EMPTY_BODY = YES;
				CLANG_WARN_ENUM_CONVERSION = YES;
				CLANG_WARN_INT_CONVERSION = YES;
				CLANG_WARN_OBJC_ROOT_CLASS = YES_ERROR;
				CLANG_WARN_UNREACHABLE_CODE = YES;
				CLANG_WARN__DUPLICATE_METHOD_MATCH = YES;
				"CODE_SIGN_IDENTITY[sdk=iphoneos*]" = "iPhone Developer";
				COPY_PHASE_STRIP = NO;
				ENABLE_STRICT_OBJC_MSGSEND = YES;
				GCC_C_LANGUAGE_STANDARD = gnu99;
				GCC_DYNAMIC_NO_PIC = NO;
				GCC_OPTIMIZATION_LEVEL = 0;
				GCC_PREPROCESSOR_DEFINITIONS = (
					"DEBUG=1",
					"$(inherited)",
				);
				GCC_SYMBOLS_PRIVATE_EXTERN = NO;
				GCC_WARN_64_TO_32_BIT_CONVERSION = YES;
				GCC_WARN_ABOUT_RETURN_TYPE = YES_ERROR;
				GCC_WARN_UNDECLARED_SELECTOR = YES;
				GCC_WARN_UNINITIALIZED_AUTOS = YES_AGGRESSIVE;
				GCC_WARN_UNUSED_FUNCTION = YES;
				GCC_WARN_UNUSED_VARIABLE = YES;
				IPHONEOS_DEPLOYMENT_TARGET = 8.1;
				MTL_ENABLE_DEBUG_INFO = YES;
				ONLY_ACTIVE_ARCH = YES;
				SDKROOT = iphoneos;
				TARGETED_DEVICE_FAMILY = "1,2";
			};
			name = Debug;
		};
		BA9846E11A5ACCC300533BE6 /* Release */ = {
			isa = XCBuildConfiguration;
			buildSettings = {
				ALWAYS_SEARCH_USER_PATHS = NO;
				CLANG_CXX_LANGUAGE_STANDARD = "gnu++0x";
				CLANG_CXX_LIBRARY = "libc++";
				CLANG_ENABLE_MODULES = YES;
				CLANG_ENABLE_OBJC_ARC = YES;
				CLANG_WARN_BOOL_CONVERSION = YES;
				CLANG_WARN_CONSTANT_CONVERSION = YES;
				CLANG_WARN_DIRECT_OBJC_ISA_USAGE = YES_ERROR;
				CLANG_WARN_EMPTY_BODY = YES;
				CLANG_WARN_ENUM_CONVERSION = YES;
				CLANG_WARN_INT_CONVERSION = YES;
				CLANG_WARN_OBJC_ROOT_CLASS = YES_ERROR;
				CLANG_WARN_UNREACHABLE_CODE = YES;
				CLANG_WARN__DUPLICATE_METHOD_MATCH = YES;
				"CODE_SIGN_IDENTITY[sdk=iphoneos*]" = "iPhone Developer";
				COPY_PHASE_STRIP = YES;
				ENABLE_NS_ASSERTIONS = NO;
				ENABLE_STRICT_OBJC_MSGSEND = YES;
				GCC_C_LANGUAGE_STANDARD = gnu99;
				GCC_WARN_64_TO_32_BIT_CONVERSION = YES;
				GCC_WARN_ABOUT_RETURN_TYPE = YES_ERROR;
				GCC_WARN_UNDECLARED_SELECTOR = YES;
				GCC_WARN_UNINITIALIZED_AUTOS = YES_AGGRESSIVE;
				GCC_WARN_UNUSED_FUNCTION = YES;
				GCC_WARN_UNUSED_VARIABLE = YES;
				IPHONEOS_DEPLOYMENT_TARGET = 8.1;
				MTL_ENABLE_DEBUG_INFO = NO;
				SDKROOT = iphoneos;
				TARGETED_DEVICE_FAMILY = "1,2";
				VALIDATE_PRODUCT = YES;
			};
			name = Release;
		};
		BA9846E31A5ACCC300533BE6 /* Debug */ = {
			isa = XCBuildConfiguration;
			buildSettings = {
				ASSETCATALOG_COMPILER_APPICON_NAME = AppIcon;
				INFOPLIST_FILE = "App do Posto/Info.plist";
				LD_RUNPATH_SEARCH_PATHS = "$(inherited) @executable_path/Frameworks";
				PRODUCT_NAME = "$(TARGET_NAME)";
			};
			name = Debug;
		};
		BA9846E41A5ACCC300533BE6 /* Release */ = {
			isa = XCBuildConfiguration;
			buildSettings = {
				ASSETCATALOG_COMPILER_APPICON_NAME = AppIcon;
				INFOPLIST_FILE = "App do Posto/Info.plist";
				LD_RUNPATH_SEARCH_PATHS = "$(inherited) @executable_path/Frameworks";
				PRODUCT_NAME = "$(TARGET_NAME)";
			};
			name = Release;
		};
		BA9846E61A5ACCC300533BE6 /* Debug */ = {
			isa = XCBuildConfiguration;
			buildSettings = {
				BUNDLE_LOADER = "$(TEST_HOST)";
				FRAMEWORK_SEARCH_PATHS = (
					"$(SDKROOT)/Developer/Library/Frameworks",
					"$(inherited)",
				);
				GCC_PREPROCESSOR_DEFINITIONS = (
					"DEBUG=1",
					"$(inherited)",
				);
				INFOPLIST_FILE = "App do PostoTests/Info.plist";
				LD_RUNPATH_SEARCH_PATHS = "$(inherited) @executable_path/Frameworks @loader_path/Frameworks";
				PRODUCT_NAME = "$(TARGET_NAME)";
				TEST_HOST = "$(BUILT_PRODUCTS_DIR)/App do Posto.app/App do Posto";
			};
			name = Debug;
		};
		BA9846E71A5ACCC300533BE6 /* Release */ = {
			isa = XCBuildConfiguration;
			buildSettings = {
				BUNDLE_LOADER = "$(TEST_HOST)";
				FRAMEWORK_SEARCH_PATHS = (
					"$(SDKROOT)/Developer/Library/Frameworks",
					"$(inherited)",
				);
				INFOPLIST_FILE = "App do PostoTests/Info.plist";
				LD_RUNPATH_SEARCH_PATHS = "$(inherited) @executable_path/Frameworks @loader_path/Frameworks";
				PRODUCT_NAME = "$(TARGET_NAME)";
				TEST_HOST = "$(BUILT_PRODUCTS_DIR)/App do Posto.app/App do Posto";
			};
			name = Release;
		};
/* End XCBuildConfiguration section */

/* Begin XCConfigurationList section */
		BA9846BA1A5ACCC200533BE6 /* Build configuration list for PBXProject "App do Posto" */ = {
			isa = XCConfigurationList;
			buildConfigurations = (
				BA9846E01A5ACCC300533BE6 /* Debug */,
				BA9846E11A5ACCC300533BE6 /* Release */,
			);
			defaultConfigurationIsVisible = 0;
			defaultConfigurationName = Release;
		};
		BA9846E21A5ACCC300533BE6 /* Build configuration list for PBXNativeTarget "App do Posto" */ = {
			isa = XCConfigurationList;
			buildConfigurations = (
				BA9846E31A5ACCC300533BE6 /* Debug */,
				BA9846E41A5ACCC300533BE6 /* Release */,
			);
			defaultConfigurationIsVisible = 0;
			defaultConfigurationName = Release;
		};
		BA9846E51A5ACCC300533BE6 /* Build configuration list for PBXNativeTarget "App do PostoTests" */ = {
			isa = XCConfigurationList;
			buildConfigurations = (
				BA9846E61A5ACCC300533BE6 /* Debug */,
				BA9846E71A5ACCC300533BE6 /* Release */,
			);
			defaultConfigurationIsVisible = 0;
			defaultConfigurationName = Release;
		};
/* End XCConfigurationList section */
	};
	rootObject = BA9846B71A5ACCC200533BE6 /* Project object */;
}
